
Microsoft Visual Studio Solution File, Format Version 12.00
# Visual Studio Version 16
VisualStudioVersion = 16.0.31424.327
MinimumVisualStudioVersion = 10.0.40219.1
Project("{FAE04EC0-301F-11D3-BF4B-00C04F79EFBC}") = "Solution1", "Solutions\Solution1.csproj", "{41777FE5-618B-454F-9E16-5796C232899F}"
EndProject
Project("{FAE04EC0-301F-11D3-BF4B-00C04F79EFBC}") = "Solution2", "Solution2\Solution2.csproj", "{9EC3056A-F969-474A-9552-CBE2EEA4C096}"
EndProject
Project("{FAE04EC0-301F-11D3-BF4B-00C04F79EFBC}") = "Solution4", "Solution4\Solution4.csproj", "{043FEC7C-3511-4D72-805A-2463199264A0}"
EndProject
Global
	GlobalSection(SolutionConfigurationPlatforms) = preSolution
		Debug|Any CPU = Debug|Any CPU
		Release|Any CPU = Release|Any CPU
	EndGlobalSection
	GlobalSection(ProjectConfigurationPlatforms) = postSolution
		{41777FE5-618B-454F-9E16-5796C232899F}.Debug|Any CPU.ActiveCfg = Debug|Any CPU
		{41777FE5-618B-454F-9E16-5796C232899F}.Debug|Any CPU.Build.0 = Debug|Any CPU
		{41777FE5-618B-454F-9E16-5796C232899F}.Release|Any CPU.ActiveCfg = Release|Any CPU
		{41777FE5-618B-454F-9E16-5796C232899F}.Release|Any CPU.Build.0 = Release|Any CPU
		{9EC3056A-F969-474A-9552-CBE2EEA4C096}.Debug|Any CPU.ActiveCfg = Debug|Any CPU
		{9EC3056A-F969-474A-9552-CBE2EEA4C096}.Debug|Any CPU.Build.0 = Debug|Any CPU
		{9EC3056A-F969-474A-9552-CBE2EEA4C096}.Release|Any CPU.ActiveCfg = Release|Any CPU
		{9EC3056A-F969-474A-9552-CBE2EEA4C096}.Release|Any CPU.Build.0 = Release|Any CPU
		{043FEC7C-3511-4D72-805A-2463199264A0}.Debug|Any CPU.ActiveCfg = Debug|Any CPU
		{043FEC7C-3511-4D72-805A-2463199264A0}.Debug|Any CPU.Build.0 = Debug|Any CPU
		{043FEC7C-3511-4D72-805A-2463199264A0}.Release|Any CPU.ActiveCfg = Release|Any CPU
		{043FEC7C-3511-4D72-805A-2463199264A0}.Release|Any CPU.Build.0 = Release|Any CPU
	EndGlobalSection
	GlobalSection(SolutionProperties) = preSolution
		HideSolutionNode = FALSE
	EndGlobalSection
	GlobalSection(ExtensibilityGlobals) = postSolution
		SolutionGuid = {76264158-772E-4D17-9D0E-78EBB6A6BA6D}
	EndGlobalSection
EndGlobal
